
Microsoft Visual Studio Solution File, Format Version 12.00
# Visual Studio Version 17
VisualStudioVersion = 17.5.33502.453
MinimumVisualStudioVersion = 10.0.40219.1
Project("{FAE04EC0-301F-11D3-BF4B-00C04F79EFBC}") = "Coordinacion", "Coordinacion\Coordinacion.csproj", "{F8C95BB6-5F13-4B25-9497-1243938F15C3}"
EndProject
Global
	GlobalSection(SolutionConfigurationPlatforms) = preSolution
		Debug|Any CPU = Debug|Any CPU
		Release|Any CPU = Release|Any CPU
	EndGlobalSection
	GlobalSection(ProjectConfigurationPlatforms) = postSolution
		{F8C95BB6-5F13-4B25-9497-1243938F15C3}.Debug|Any CPU.ActiveCfg = Debug|Any CPU
		{F8C95BB6-5F13-4B25-9497-1243938F15C3}.Debug|Any CPU.Build.0 = Debug|Any CPU
		{F8C95BB6-5F13-4B25-9497-1243938F15C3}.Release|Any CPU.ActiveCfg = Release|Any CPU
		{F8C95BB6-5F13-4B25-9497-1243938F15C3}.Release|Any CPU.Build.0 = Release|Any CPU
	EndGlobalSection
	GlobalSection(SolutionProperties) = preSolution
		HideSolutionNode = FALSE
	EndGlobalSection
	GlobalSection(ExtensibilityGlobals) = postSolution
		SolutionGuid = {157174B0-F37C-420E-97AA-BF73FFC0EFD6}
	EndGlobalSection
EndGlobal
